
Microsoft Visual Studio Solution File, Format Version 12.00
# Visual Studio Version 16
VisualStudioVersion = 16.0.29519.87
MinimumVisualStudioVersion = 10.0.40219.1
Project("{FAE04EC0-301F-11D3-BF4B-00C04F79EFBC}") = "CICDExample", "CICDExample\CICDExample.csproj", "{FD3C5951-2D5C-47D6-8FEC-71B99BCD0786}"
EndProject
Global
	GlobalSection(SolutionConfigurationPlatforms) = preSolution
		Debug|Any CPU = Debug|Any CPU
		Release|Any CPU = Release|Any CPU
	EndGlobalSection
	GlobalSection(ProjectConfigurationPlatforms) = postSolution
		{FD3C5951-2D5C-47D6-8FEC-71B99BCD0786}.Debug|Any CPU.ActiveCfg = Debug|Any CPU
		{FD3C5951-2D5C-47D6-8FEC-71B99BCD0786}.Debug|Any CPU.Build.0 = Debug|Any CPU
		{FD3C5951-2D5C-47D6-8FEC-71B99BCD0786}.Release|Any CPU.ActiveCfg = Release|Any CPU
		{FD3C5951-2D5C-47D6-8FEC-71B99BCD0786}.Release|Any CPU.Build.0 = Release|Any CPU
	EndGlobalSection
	GlobalSection(SolutionProperties) = preSolution
		HideSolutionNode = FALSE
	EndGlobalSection
	GlobalSection(ExtensibilityGlobals) = postSolution
		SolutionGuid = {6BA6646F-238F-4CD0-A7DA-6C4264E854D0}
	EndGlobalSection
EndGlobal
